// !$*UTF8*$!
{
	archiveVersion = 1;
	classes = {
	};
	objectVersion = 60;
	objects = {

/* Begin PBXBuildFile section */
		D501386B2A4B5ADC00ED68C0 /* TalksGrid.swift in Sources */ = {isa = PBXBuildFile; fileRef = D501386A2A4B5ADC00ED68C0 /* TalksGrid.swift */; };
		D501386D2A4B5AE100ED68C0 /* TalkListItem.swift in Sources */ = {isa = PBXBuildFile; fileRef = D501386C2A4B5AE100ED68C0 /* TalkListItem.swift */; };
		D50C6F7628956DFC0003D1D0 /* CCCApi in Frameworks */ = {isa = PBXBuildFile; productRef = D50C6F7528956DFC0003D1D0 /* CCCApi */; };
		D550CA262895304A00FD8AB2 /* BrowseView.swift in Sources */ = {isa = PBXBuildFile; fileRef = D550CA252895304A00FD8AB2 /* BrowseView.swift */; };
		D550CA2A289530FC00FD8AB2 /* SearchView.swift in Sources */ = {isa = PBXBuildFile; fileRef = D550CA29289530FC00FD8AB2 /* SearchView.swift */; };
		D550CA3128953B4000FD8AB2 /* TalkPlayerView.swift in Sources */ = {isa = PBXBuildFile; fileRef = D550CA3028953B4000FD8AB2 /* TalkPlayerView.swift */; };
		D557E8B52895C06100342EE2 /* ConferencesView.swift in Sources */ = {isa = PBXBuildFile; fileRef = D557E8B42895C06100342EE2 /* ConferencesView.swift */; };
		D557E8B72896812C00342EE2 /* SearchSuggestion.swift in Sources */ = {isa = PBXBuildFile; fileRef = D557E8B62896812C00342EE2 /* SearchSuggestion.swift */; };
		D557E8B92896815700342EE2 /* SearchViewModel.swift in Sources */ = {isa = PBXBuildFile; fileRef = D557E8B82896815700342EE2 /* SearchViewModel.swift */; };
		D56DD9662C0DAEEF00161B66 /* TalkCell.swift in Sources */ = {isa = PBXBuildFile; fileRef = D56DD9652C0DAEEF00161B66 /* TalkCell.swift */; };
		D59139412895851300369402 /* TVServices.framework in Frameworks */ = {isa = PBXBuildFile; fileRef = D59139402895851300369402 /* TVServices.framework */; };
		D59139442895851300369402 /* ContentProvider.swift in Sources */ = {isa = PBXBuildFile; fileRef = D59139432895851300369402 /* ContentProvider.swift */; };
		D59139482895851300369402 /* TopShelf.appex in Embed Foundation Extensions */ = {isa = PBXBuildFile; fileRef = D591393F2895851300369402 /* TopShelf.appex */; platformFilters = (tvos, ); settings = {ATTRIBUTES = (RemoveHeadersOnCopy, ); }; };
		D591394E2895854100369402 /* CCCApi in Frameworks */ = {isa = PBXBuildFile; productRef = D591394D2895854100369402 /* CCCApi */; };
		D5913950289585AC00369402 /* TopShelfContentFactory.swift in Sources */ = {isa = PBXBuildFile; fileRef = D591394F289585AC00369402 /* TopShelfContentFactory.swift */; };
		D591395428958B0100369402 /* URLParser.swift in Sources */ = {isa = PBXBuildFile; fileRef = D591395328958B0100369402 /* URLParser.swift */; };
		D591395C28958B2600369402 /* URLParserTests.swift in Sources */ = {isa = PBXBuildFile; fileRef = D591395B28958B2600369402 /* URLParserTests.swift */; };
		D591396328958CE500369402 /* URLRoute.swift in Sources */ = {isa = PBXBuildFile; fileRef = D591396228958CE500369402 /* URLRoute.swift */; };
		D5A156D8289462B3006989FF /* CCCTubeApp.swift in Sources */ = {isa = PBXBuildFile; fileRef = D5A156D7289462B3006989FF /* CCCTubeApp.swift */; };
		D5A156DA289462B3006989FF /* ContentView.swift in Sources */ = {isa = PBXBuildFile; fileRef = D5A156D9289462B3006989FF /* ContentView.swift */; };
		D5A156DC289462B3006989FF /* Assets.xcassets in Resources */ = {isa = PBXBuildFile; fileRef = D5A156DB289462B3006989FF /* Assets.xcassets */; };
		D5A156DF289462B3006989FF /* Preview Assets.xcassets in Resources */ = {isa = PBXBuildFile; fileRef = D5A156DE289462B3006989FF /* Preview Assets.xcassets */; };
		D5A156F128946FEB006989FF /* ConferenceView.swift in Sources */ = {isa = PBXBuildFile; fileRef = D5A156F028946FEB006989FF /* ConferenceView.swift */; };
		D5A156F328947625006989FF /* TalkView.swift in Sources */ = {isa = PBXBuildFile; fileRef = D5A156F228947625006989FF /* TalkView.swift */; };
		D5C76ACB2A619BF100B7469C /* TalkThumbnail.swift in Sources */ = {isa = PBXBuildFile; fileRef = D5C76ACA2A619BF100B7469C /* TalkThumbnail.swift */; };
		D5C76ACD2A61A02700B7469C /* ConferenceThumbnail.swift in Sources */ = {isa = PBXBuildFile; fileRef = D5C76ACC2A61A02700B7469C /* ConferenceThumbnail.swift */; };
		D5D4B2BC2B3F25E500F33CD3 /* Alert+Error.swift in Sources */ = {isa = PBXBuildFile; fileRef = D5D4B2BB2B3F25E500F33CD3 /* Alert+Error.swift */; };
		D5D4B2BE2B3F435C00F33CD3 /* TalkViewModel.swift in Sources */ = {isa = PBXBuildFile; fileRef = D5D4B2BD2B3F435C00F33CD3 /* TalkViewModel.swift */; };
		D5D4DF43289859AB00560E4F /* MediaAnalyzer.swift in Sources */ = {isa = PBXBuildFile; fileRef = D5D4DF42289859AB00560E4F /* MediaAnalyzer.swift */; };
		D5E97D4A2B3F11E8005BFF45 /* Localizable.xcstrings in Resources */ = {isa = PBXBuildFile; fileRef = D5E97D492B3F11E8005BFF45 /* Localizable.xcstrings */; };
		D5E97D4C2B3F11F0005BFF45 /* Localizable.xcstrings in Resources */ = {isa = PBXBuildFile; fileRef = D5E97D4B2B3F11F0005BFF45 /* Localizable.xcstrings */; };
		D5E97D4E2B3F172D005BFF45 /* TalkPlayerViewModel.swift in Sources */ = {isa = PBXBuildFile; fileRef = D5E97D4D2B3F172D005BFF45 /* TalkPlayerViewModel.swift */; };
		D5E97D502B3F17B1005BFF45 /* TalkMetadataFactory.swift in Sources */ = {isa = PBXBuildFile; fileRef = D5E97D4F2B3F17B1005BFF45 /* TalkMetadataFactory.swift */; };
		D5E97D552B3F2452005BFF45 /* CCCTubeError.swift in Sources */ = {isa = PBXBuildFile; fileRef = D5E97D542B3F2452005BFF45 /* CCCTubeError.swift */; };
		D5EFB1A12B407683008CFE82 /* CCCTubeUIScreenshotTests.swift in Sources */ = {isa = PBXBuildFile; fileRef = D5EFB1A02B407683008CFE82 /* CCCTubeUIScreenshotTests.swift */; };
		D5F06C5D2A5035A500774C39 /* VideoPlayerView.swift in Sources */ = {isa = PBXBuildFile; fileRef = D5F06C5C2A5035A500774C39 /* VideoPlayerView.swift */; };
/* End PBXBuildFile section */

/* Begin PBXContainerItemProxy section */
		D59139462895851300369402 /* PBXContainerItemProxy */ = {
			isa = PBXContainerItemProxy;
			containerPortal = D5A156CC289462B3006989FF /* Project object */;
			proxyType = 1;
			remoteGlobalIDString = D591393E2895851300369402;
			remoteInfo = TopShelf;
		};
		D591395D28958B2600369402 /* PBXContainerItemProxy */ = {
			isa = PBXContainerItemProxy;
			containerPortal = D5A156CC289462B3006989FF /* Project object */;
			proxyType = 1;
			remoteGlobalIDString = D5A156D3289462B3006989FF;
			remoteInfo = CCCTube;
		};
		D5EFB1A22B407683008CFE82 /* PBXContainerItemProxy */ = {
			isa = PBXContainerItemProxy;
			containerPortal = D5A156CC289462B3006989FF /* Project object */;
			proxyType = 1;
			remoteGlobalIDString = D5A156D3289462B3006989FF;
			remoteInfo = CCCTube;
		};
/* End PBXContainerItemProxy section */

/* Begin PBXCopyFilesBuildPhase section */
		D59139492895851300369402 /* Embed Foundation Extensions */ = {
			isa = PBXCopyFilesBuildPhase;
			buildActionMask = 2147483647;
			dstPath = "";
			dstSubfolderSpec = 13;
			files = (
				D59139482895851300369402 /* TopShelf.appex in Embed Foundation Extensions */,
			);
			name = "Embed Foundation Extensions";
			runOnlyForDeploymentPostprocessing = 0;
		};
/* End PBXCopyFilesBuildPhase section */

/* Begin PBXFileReference section */
		D501386A2A4B5ADC00ED68C0 /* TalksGrid.swift */ = {isa = PBXFileReference; lastKnownFileType = sourcecode.swift; path = TalksGrid.swift; sourceTree = "<group>"; };
		D501386C2A4B5AE100ED68C0 /* TalkListItem.swift */ = {isa = PBXFileReference; lastKnownFileType = sourcecode.swift; path = TalkListItem.swift; sourceTree = "<group>"; };
		D50C6F7328956D770003D1D0 /* CCCApi */ = {isa = PBXFileReference; lastKnownFileType = wrapper; path = CCCApi; sourceTree = "<group>"; };
		D550CA252895304A00FD8AB2 /* BrowseView.swift */ = {isa = PBXFileReference; lastKnownFileType = sourcecode.swift; path = BrowseView.swift; sourceTree = "<group>"; };
		D550CA29289530FC00FD8AB2 /* SearchView.swift */ = {isa = PBXFileReference; lastKnownFileType = sourcecode.swift; path = SearchView.swift; sourceTree = "<group>"; };
		D550CA3028953B4000FD8AB2 /* TalkPlayerView.swift */ = {isa = PBXFileReference; lastKnownFileType = sourcecode.swift; path = TalkPlayerView.swift; sourceTree = "<group>"; };
		D557E8B42895C06100342EE2 /* ConferencesView.swift */ = {isa = PBXFileReference; lastKnownFileType = sourcecode.swift; path = ConferencesView.swift; sourceTree = "<group>"; };
		D557E8B62896812C00342EE2 /* SearchSuggestion.swift */ = {isa = PBXFileReference; lastKnownFileType = sourcecode.swift; path = SearchSuggestion.swift; sourceTree = "<group>"; };
		D557E8B82896815700342EE2 /* SearchViewModel.swift */ = {isa = PBXFileReference; lastKnownFileType = sourcecode.swift; path = SearchViewModel.swift; sourceTree = "<group>"; };
		D557E8BA2896F70400342EE2 /* README.md */ = {isa = PBXFileReference; lastKnownFileType = net.daringfireball.markdown; path = README.md; sourceTree = "<group>"; };
		D56DD9652C0DAEEF00161B66 /* TalkCell.swift */ = {isa = PBXFileReference; lastKnownFileType = sourcecode.swift; path = TalkCell.swift; sourceTree = "<group>"; };
		D591393F2895851300369402 /* TopShelf.appex */ = {isa = PBXFileReference; explicitFileType = "wrapper.app-extension"; includeInIndex = 0; path = TopShelf.appex; sourceTree = BUILT_PRODUCTS_DIR; };
		D59139402895851300369402 /* TVServices.framework */ = {isa = PBXFileReference; lastKnownFileType = wrapper.framework; name = TVServices.framework; path = System/Library/Frameworks/TVServices.framework; sourceTree = SDKROOT; };
		D59139432895851300369402 /* ContentProvider.swift */ = {isa = PBXFileReference; lastKnownFileType = sourcecode.swift; path = ContentProvider.swift; sourceTree = "<group>"; };
		D59139452895851300369402 /* Info.plist */ = {isa = PBXFileReference; lastKnownFileType = text.plist.xml; path = Info.plist; sourceTree = "<group>"; };
		D591394F289585AC00369402 /* TopShelfContentFactory.swift */ = {isa = PBXFileReference; lastKnownFileType = sourcecode.swift; path = TopShelfContentFactory.swift; sourceTree = "<group>"; };
		D5913952289589A200369402 /* Info.plist */ = {isa = PBXFileReference; lastKnownFileType = text.plist; path = Info.plist; sourceTree = "<group>"; };
		D591395328958B0100369402 /* URLParser.swift */ = {isa = PBXFileReference; lastKnownFileType = sourcecode.swift; path = URLParser.swift; sourceTree = "<group>"; };
		D591395928958B2600369402 /* CCCTubeTests.xctest */ = {isa = PBXFileReference; explicitFileType = wrapper.cfbundle; includeInIndex = 0; path = CCCTubeTests.xctest; sourceTree = BUILT_PRODUCTS_DIR; };
		D591395B28958B2600369402 /* URLParserTests.swift */ = {isa = PBXFileReference; lastKnownFileType = sourcecode.swift; path = URLParserTests.swift; sourceTree = "<group>"; };
		D591396228958CE500369402 /* URLRoute.swift */ = {isa = PBXFileReference; lastKnownFileType = sourcecode.swift; path = URLRoute.swift; sourceTree = "<group>"; };
		D5A156D4289462B3006989FF /* CCCTube.app */ = {isa = PBXFileReference; explicitFileType = wrapper.application; includeInIndex = 0; path = CCCTube.app; sourceTree = BUILT_PRODUCTS_DIR; };
		D5A156D7289462B3006989FF /* CCCTubeApp.swift */ = {isa = PBXFileReference; lastKnownFileType = sourcecode.swift; path = CCCTubeApp.swift; sourceTree = "<group>"; };
		D5A156D9289462B3006989FF /* ContentView.swift */ = {isa = PBXFileReference; lastKnownFileType = sourcecode.swift; path = ContentView.swift; sourceTree = "<group>"; };
		D5A156DB289462B3006989FF /* Assets.xcassets */ = {isa = PBXFileReference; lastKnownFileType = folder.assetcatalog; path = Assets.xcassets; sourceTree = "<group>"; };
		D5A156DE289462B3006989FF /* Preview Assets.xcassets */ = {isa = PBXFileReference; lastKnownFileType = folder.assetcatalog; path = "Preview Assets.xcassets"; sourceTree = "<group>"; };
		D5A156F028946FEB006989FF /* ConferenceView.swift */ = {isa = PBXFileReference; lastKnownFileType = sourcecode.swift; path = ConferenceView.swift; sourceTree = "<group>"; };
		D5A156F228947625006989FF /* TalkView.swift */ = {isa = PBXFileReference; lastKnownFileType = sourcecode.swift; path = TalkView.swift; sourceTree = "<group>"; };
		D5C76ACA2A619BF100B7469C /* TalkThumbnail.swift */ = {isa = PBXFileReference; lastKnownFileType = sourcecode.swift; path = TalkThumbnail.swift; sourceTree = "<group>"; };
		D5C76ACC2A61A02700B7469C /* ConferenceThumbnail.swift */ = {isa = PBXFileReference; lastKnownFileType = sourcecode.swift; path = ConferenceThumbnail.swift; sourceTree = "<group>"; };
		D5D4B2BB2B3F25E500F33CD3 /* Alert+Error.swift */ = {isa = PBXFileReference; fileEncoding = 4; lastKnownFileType = sourcecode.swift; path = "Alert+Error.swift"; sourceTree = "<group>"; };
		D5D4B2BD2B3F435C00F33CD3 /* TalkViewModel.swift */ = {isa = PBXFileReference; lastKnownFileType = sourcecode.swift; path = TalkViewModel.swift; sourceTree = "<group>"; };
		D5D4DF42289859AB00560E4F /* MediaAnalyzer.swift */ = {isa = PBXFileReference; lastKnownFileType = sourcecode.swift; path = MediaAnalyzer.swift; sourceTree = "<group>"; };
		D5E97D492B3F11E8005BFF45 /* Localizable.xcstrings */ = {isa = PBXFileReference; lastKnownFileType = text.json.xcstrings; path = Localizable.xcstrings; sourceTree = "<group>"; };
		D5E97D4B2B3F11F0005BFF45 /* Localizable.xcstrings */ = {isa = PBXFileReference; lastKnownFileType = text.json.xcstrings; path = Localizable.xcstrings; sourceTree = "<group>"; };
		D5E97D4D2B3F172D005BFF45 /* TalkPlayerViewModel.swift */ = {isa = PBXFileReference; lastKnownFileType = sourcecode.swift; path = TalkPlayerViewModel.swift; sourceTree = "<group>"; };
		D5E97D4F2B3F17B1005BFF45 /* TalkMetadataFactory.swift */ = {isa = PBXFileReference; lastKnownFileType = sourcecode.swift; path = TalkMetadataFactory.swift; sourceTree = "<group>"; };
		D5E97D542B3F2452005BFF45 /* CCCTubeError.swift */ = {isa = PBXFileReference; lastKnownFileType = sourcecode.swift; path = CCCTubeError.swift; sourceTree = "<group>"; };
		D5EFB19C2B407683008CFE82 /* CCCTubeUITests.xctest */ = {isa = PBXFileReference; explicitFileType = wrapper.cfbundle; includeInIndex = 0; path = CCCTubeUITests.xctest; sourceTree = BUILT_PRODUCTS_DIR; };
		D5EFB1A02B407683008CFE82 /* CCCTubeUIScreenshotTests.swift */ = {isa = PBXFileReference; lastKnownFileType = sourcecode.swift; path = CCCTubeUIScreenshotTests.swift; sourceTree = "<group>"; };
		D5EFB1A72B407792008CFE82 /* UnitTests.xctestplan */ = {isa = PBXFileReference; lastKnownFileType = text; name = UnitTests.xctestplan; path = CCCTubeTests/UnitTests.xctestplan; sourceTree = SOURCE_ROOT; };
		D5EFB1A82B4077A3008CFE82 /* Screenshots.xctestplan */ = {isa = PBXFileReference; lastKnownFileType = text; path = Screenshots.xctestplan; sourceTree = "<group>"; };
		D5F06C5C2A5035A500774C39 /* VideoPlayerView.swift */ = {isa = PBXFileReference; lastKnownFileType = sourcecode.swift; path = VideoPlayerView.swift; sourceTree = "<group>"; };
/* End PBXFileReference section */

/* Begin PBXFrameworksBuildPhase section */
		D591393C2895851300369402 /* Frameworks */ = {
			isa = PBXFrameworksBuildPhase;
			buildActionMask = 2147483647;
			files = (
				D59139412895851300369402 /* TVServices.framework in Frameworks */,
				D591394E2895854100369402 /* CCCApi in Frameworks */,
			);
			runOnlyForDeploymentPostprocessing = 0;
		};
		D591395628958B2600369402 /* Frameworks */ = {
			isa = PBXFrameworksBuildPhase;
			buildActionMask = 2147483647;
			files = (
			);
			runOnlyForDeploymentPostprocessing = 0;
		};
		D5A156D1289462B3006989FF /* Frameworks */ = {
			isa = PBXFrameworksBuildPhase;
			buildActionMask = 2147483647;
			files = (
				D50C6F7628956DFC0003D1D0 /* CCCApi in Frameworks */,
			);
			runOnlyForDeploymentPostprocessing = 0;
		};
		D5EFB1992B407683008CFE82 /* Frameworks */ = {
			isa = PBXFrameworksBuildPhase;
			buildActionMask = 2147483647;
			files = (
			);
			runOnlyForDeploymentPostprocessing = 0;
		};
/* End PBXFrameworksBuildPhase section */

/* Begin PBXGroup section */
		D50C6F7428956DFC0003D1D0 /* Frameworks */ = {
			isa = PBXGroup;
			children = (
				D59139402895851300369402 /* TVServices.framework */,
			);
			name = Frameworks;
			sourceTree = "<group>";
		};
		D550CA2D2895329E00FD8AB2 /* Features */ = {
			isa = PBXGroup;
			children = (
				D550CA2E289532A300FD8AB2 /* Browse */,
				D557E8B32895C05A00342EE2 /* Conferences */,
				D550CA2F289532A700FD8AB2 /* Search */,
				D5E97D562B3F247B005BFF45 /* Talk */,
				D5E97D572B3F24A0005BFF45 /* VideoPlayer */,
			);
			path = Features;
			sourceTree = "<group>";
		};
		D550CA2E289532A300FD8AB2 /* Browse */ = {
			isa = PBXGroup;
			children = (
				D550CA252895304A00FD8AB2 /* BrowseView.swift */,
			);
			path = Browse;
			sourceTree = "<group>";
		};
		D550CA2F289532A700FD8AB2 /* Search */ = {
			isa = PBXGroup;
			children = (
				D557E8B62896812C00342EE2 /* SearchSuggestion.swift */,
				D550CA29289530FC00FD8AB2 /* SearchView.swift */,
				D557E8B82896815700342EE2 /* SearchViewModel.swift */,
			);
			path = Search;
			sourceTree = "<group>";
		};
		D557E8B32895C05A00342EE2 /* Conferences */ = {
			isa = PBXGroup;
			children = (
				D557E8B42895C06100342EE2 /* ConferencesView.swift */,
				D5C76ACC2A61A02700B7469C /* ConferenceThumbnail.swift */,
				D5A156F028946FEB006989FF /* ConferenceView.swift */,
			);
			path = Conferences;
			sourceTree = "<group>";
		};
		D59139422895851300369402 /* TopShelf */ = {
			isa = PBXGroup;
			children = (
				D59139432895851300369402 /* ContentProvider.swift */,
				D591394F289585AC00369402 /* TopShelfContentFactory.swift */,
				D59139452895851300369402 /* Info.plist */,
				D5E97D4B2B3F11F0005BFF45 /* Localizable.xcstrings */,
			);
			path = TopShelf;
			sourceTree = "<group>";
		};
		D591395A28958B2600369402 /* CCCTubeTests */ = {
			isa = PBXGroup;
			children = (
				D5EFB1A72B407792008CFE82 /* UnitTests.xctestplan */,
				D591395B28958B2600369402 /* URLParserTests.swift */,
			);
			path = CCCTubeTests;
			sourceTree = "<group>";
		};
		D5A156CB289462B3006989FF = {
			isa = PBXGroup;
			children = (
				D557E8BA2896F70400342EE2 /* README.md */,
				D5A156D6289462B3006989FF /* CCCTube */,
				D50C6F7328956D770003D1D0 /* CCCApi */,
				D59139422895851300369402 /* TopShelf */,
				D591395A28958B2600369402 /* CCCTubeTests */,
				D5EFB19D2B407683008CFE82 /* CCCTubeUITests */,
				D5A156D5289462B3006989FF /* Products */,
				D50C6F7428956DFC0003D1D0 /* Frameworks */,
			);
			indentWidth = 4;
			sourceTree = "<group>";
			tabWidth = 4;
		};
		D5A156D5289462B3006989FF /* Products */ = {
			isa = PBXGroup;
			children = (
				D5A156D4289462B3006989FF /* CCCTube.app */,
				D591393F2895851300369402 /* TopShelf.appex */,
				D591395928958B2600369402 /* CCCTubeTests.xctest */,
				D5EFB19C2B407683008CFE82 /* CCCTubeUITests.xctest */,
			);
			name = Products;
			sourceTree = "<group>";
		};
		D5A156D6289462B3006989FF /* CCCTube */ = {
			isa = PBXGroup;
			children = (
				D550CA2D2895329E00FD8AB2 /* Features */,
				D5D4B2BA2B3F25E500F33CD3 /* Extensions */,
				D5A156D7289462B3006989FF /* CCCTubeApp.swift */,
				D5E97D542B3F2452005BFF45 /* CCCTubeError.swift */,
				D5A156D9289462B3006989FF /* ContentView.swift */,
				D5A156DB289462B3006989FF /* Assets.xcassets */,
				D5A156DD289462B3006989FF /* Preview Content */,
				D5913952289589A200369402 /* Info.plist */,
				D5E97D492B3F11E8005BFF45 /* Localizable.xcstrings */,
				D591395328958B0100369402 /* URLParser.swift */,
				D591396228958CE500369402 /* URLRoute.swift */,
			);
			path = CCCTube;
			sourceTree = "<group>";
		};
		D5A156DD289462B3006989FF /* Preview Content */ = {
			isa = PBXGroup;
			children = (
				D5A156DE289462B3006989FF /* Preview Assets.xcassets */,
			);
			path = "Preview Content";
			sourceTree = "<group>";
		};
		D5D4B2BA2B3F25E500F33CD3 /* Extensions */ = {
			isa = PBXGroup;
			children = (
				D5D4B2BB2B3F25E500F33CD3 /* Alert+Error.swift */,
			);
			path = Extensions;
			sourceTree = "<group>";
		};
		D5E97D562B3F247B005BFF45 /* Talk */ = {
			isa = PBXGroup;
			children = (
				D5D4DF42289859AB00560E4F /* MediaAnalyzer.swift */,
				D501386C2A4B5AE100ED68C0 /* TalkListItem.swift */,
				D56DD9652C0DAEEF00161B66 /* TalkCell.swift */,
				D5E97D4F2B3F17B1005BFF45 /* TalkMetadataFactory.swift */,
				D550CA3028953B4000FD8AB2 /* TalkPlayerView.swift */,
				D5E97D4D2B3F172D005BFF45 /* TalkPlayerViewModel.swift */,
				D501386A2A4B5ADC00ED68C0 /* TalksGrid.swift */,
				D5C76ACA2A619BF100B7469C /* TalkThumbnail.swift */,
				D5A156F228947625006989FF /* TalkView.swift */,
				D5D4B2BD2B3F435C00F33CD3 /* TalkViewModel.swift */,
			);
			path = Talk;
			sourceTree = "<group>";
		};
		D5E97D572B3F24A0005BFF45 /* VideoPlayer */ = {
			isa = PBXGroup;
			children = (
				D5F06C5C2A5035A500774C39 /* VideoPlayerView.swift */,
			);
			path = VideoPlayer;
			sourceTree = "<group>";
		};
		D5EFB19D2B407683008CFE82 /* CCCTubeUITests */ = {
			isa = PBXGroup;
			children = (
				D5EFB1A02B407683008CFE82 /* CCCTubeUIScreenshotTests.swift */,
				D5EFB1A82B4077A3008CFE82 /* Screenshots.xctestplan */,
			);
			path = CCCTubeUITests;
			sourceTree = "<group>";
		};
/* End PBXGroup section */

/* Begin PBXNativeTarget section */
		D591393E2895851300369402 /* TopShelf */ = {
			isa = PBXNativeTarget;
			buildConfigurationList = D591394C2895851300369402 /* Build configuration list for PBXNativeTarget "TopShelf" */;
			buildPhases = (
				D591393B2895851300369402 /* Sources */,
				D591393C2895851300369402 /* Frameworks */,
				D591393D2895851300369402 /* Resources */,
			);
			buildRules = (
			);
			dependencies = (
			);
			name = TopShelf;
			packageProductDependencies = (
				D591394D2895854100369402 /* CCCApi */,
			);
			productName = TopShelf;
			productReference = D591393F2895851300369402 /* TopShelf.appex */;
			productType = "com.apple.product-type.app-extension";
		};
		D591395828958B2600369402 /* CCCTubeTests */ = {
			isa = PBXNativeTarget;
			buildConfigurationList = D591395F28958B2600369402 /* Build configuration list for PBXNativeTarget "CCCTubeTests" */;
			buildPhases = (
				D591395528958B2600369402 /* Sources */,
				D591395628958B2600369402 /* Frameworks */,
				D591395728958B2600369402 /* Resources */,
			);
			buildRules = (
			);
			dependencies = (
				D591395E28958B2600369402 /* PBXTargetDependency */,
			);
			name = CCCTubeTests;
			productName = CCCTubeTests;
			productReference = D591395928958B2600369402 /* CCCTubeTests.xctest */;
			productType = "com.apple.product-type.bundle.unit-test";
		};
		D5A156D3289462B3006989FF /* CCCTube */ = {
			isa = PBXNativeTarget;
			buildConfigurationList = D5A156E2289462B3006989FF /* Build configuration list for PBXNativeTarget "CCCTube" */;
			buildPhases = (
				D5A156D0289462B3006989FF /* Sources */,
				D5A156D1289462B3006989FF /* Frameworks */,
				D5A156D2289462B3006989FF /* Resources */,
				D59139492895851300369402 /* Embed Foundation Extensions */,
			);
			buildRules = (
			);
			dependencies = (
				D59139472895851300369402 /* PBXTargetDependency */,
			);
			name = CCCTube;
			packageProductDependencies = (
				D50C6F7528956DFC0003D1D0 /* CCCApi */,
			);
			productName = CCCTube;
			productReference = D5A156D4289462B3006989FF /* CCCTube.app */;
			productType = "com.apple.product-type.application";
		};
		D5EFB19B2B407683008CFE82 /* CCCTubeUITests */ = {
			isa = PBXNativeTarget;
			buildConfigurationList = D5EFB1A62B407683008CFE82 /* Build configuration list for PBXNativeTarget "CCCTubeUITests" */;
			buildPhases = (
				D5EFB1982B407683008CFE82 /* Sources */,
				D5EFB1992B407683008CFE82 /* Frameworks */,
				D5EFB19A2B407683008CFE82 /* Resources */,
			);
			buildRules = (
			);
			dependencies = (
				D5EFB1A32B407683008CFE82 /* PBXTargetDependency */,
			);
			name = CCCTubeUITests;
			productName = CCCTubeUITests;
			productReference = D5EFB19C2B407683008CFE82 /* CCCTubeUITests.xctest */;
			productType = "com.apple.product-type.bundle.ui-testing";
		};
/* End PBXNativeTarget section */

/* Begin PBXProject section */
		D5A156CC289462B3006989FF /* Project object */ = {
			isa = PBXProject;
			attributes = {
				BuildIndependentTargetsInParallel = 1;
				LastSwiftUpdateCheck = 1510;
				LastUpgradeCheck = 1530;
				TargetAttributes = {
					D591393E2895851300369402 = {
						CreatedOnToolsVersion = 13.4.1;
					};
					D591395828958B2600369402 = {
						CreatedOnToolsVersion = 13.4.1;
						TestTargetID = D5A156D3289462B3006989FF;
					};
					D5A156D3289462B3006989FF = {
						CreatedOnToolsVersion = 13.4.1;
					};
					D5EFB19B2B407683008CFE82 = {
						CreatedOnToolsVersion = 15.1;
						TestTargetID = D5A156D3289462B3006989FF;
					};
				};
			};
			buildConfigurationList = D5A156CF289462B3006989FF /* Build configuration list for PBXProject "CCCTube" */;
			compatibilityVersion = "Xcode 15.0";
			developmentRegion = en;
			hasScannedForEncodings = 0;
			knownRegions = (
				en,
				Base,
				nl,
				de,
			);
			mainGroup = D5A156CB289462B3006989FF;
			productRefGroup = D5A156D5289462B3006989FF /* Products */;
			projectDirPath = "";
			projectRoot = "";
			targets = (
				D5A156D3289462B3006989FF /* CCCTube */,
				D591393E2895851300369402 /* TopShelf */,
				D591395828958B2600369402 /* CCCTubeTests */,
				D5EFB19B2B407683008CFE82 /* CCCTubeUITests */,
			);
		};
/* End PBXProject section */

/* Begin PBXResourcesBuildPhase section */
		D591393D2895851300369402 /* Resources */ = {
			isa = PBXResourcesBuildPhase;
			buildActionMask = 2147483647;
			files = (
				D5E97D4C2B3F11F0005BFF45 /* Localizable.xcstrings in Resources */,
			);
			runOnlyForDeploymentPostprocessing = 0;
		};
		D591395728958B2600369402 /* Resources */ = {
			isa = PBXResourcesBuildPhase;
			buildActionMask = 2147483647;
			files = (
			);
			runOnlyForDeploymentPostprocessing = 0;
		};
		D5A156D2289462B3006989FF /* Resources */ = {
			isa = PBXResourcesBuildPhase;
			buildActionMask = 2147483647;
			files = (
				D5A156DF289462B3006989FF /* Preview Assets.xcassets in Resources */,
				D5E97D4A2B3F11E8005BFF45 /* Localizable.xcstrings in Resources */,
				D5A156DC289462B3006989FF /* Assets.xcassets in Resources */,
			);
			runOnlyForDeploymentPostprocessing = 0;
		};
		D5EFB19A2B407683008CFE82 /* Resources */ = {
			isa = PBXResourcesBuildPhase;
			buildActionMask = 2147483647;
			files = (
			);
			runOnlyForDeploymentPostprocessing = 0;
		};
/* End PBXResourcesBuildPhase section */

/* Begin PBXSourcesBuildPhase section */
		D591393B2895851300369402 /* Sources */ = {
			isa = PBXSourcesBuildPhase;
			buildActionMask = 2147483647;
			files = (
				D59139442895851300369402 /* ContentProvider.swift in Sources */,
				D5913950289585AC00369402 /* TopShelfContentFactory.swift in Sources */,
			);
			runOnlyForDeploymentPostprocessing = 0;
		};
		D591395528958B2600369402 /* Sources */ = {
			isa = PBXSourcesBuildPhase;
			buildActionMask = 2147483647;
			files = (
				D591395C28958B2600369402 /* URLParserTests.swift in Sources */,
			);
			runOnlyForDeploymentPostprocessing = 0;
		};
		D5A156D0289462B3006989FF /* Sources */ = {
			isa = PBXSourcesBuildPhase;
			buildActionMask = 2147483647;
			files = (
				D5C76ACD2A61A02700B7469C /* ConferenceThumbnail.swift in Sources */,
				D5A156DA289462B3006989FF /* ContentView.swift in Sources */,
				D5C76ACB2A619BF100B7469C /* TalkThumbnail.swift in Sources */,
				D591395428958B0100369402 /* URLParser.swift in Sources */,
				D5E97D4E2B3F172D005BFF45 /* TalkPlayerViewModel.swift in Sources */,
				D5A156D8289462B3006989FF /* CCCTubeApp.swift in Sources */,
				D591396328958CE500369402 /* URLRoute.swift in Sources */,
				D5D4DF43289859AB00560E4F /* MediaAnalyzer.swift in Sources */,
				D5A156F128946FEB006989FF /* ConferenceView.swift in Sources */,
				D557E8B92896815700342EE2 /* SearchViewModel.swift in Sources */,
				D550CA262895304A00FD8AB2 /* BrowseView.swift in Sources */,
				D5D4B2BC2B3F25E500F33CD3 /* Alert+Error.swift in Sources */,
				D5E97D552B3F2452005BFF45 /* CCCTubeError.swift in Sources */,
				D557E8B52895C06100342EE2 /* ConferencesView.swift in Sources */,
				D557E8B72896812C00342EE2 /* SearchSuggestion.swift in Sources */,
				D550CA2A289530FC00FD8AB2 /* SearchView.swift in Sources */,
				D501386B2A4B5ADC00ED68C0 /* TalksGrid.swift in Sources */,
				D501386D2A4B5AE100ED68C0 /* TalkListItem.swift in Sources */,
				D550CA3128953B4000FD8AB2 /* TalkPlayerView.swift in Sources */,
				D5D4B2BE2B3F435C00F33CD3 /* TalkViewModel.swift in Sources */,
				D5E97D502B3F17B1005BFF45 /* TalkMetadataFactory.swift in Sources */,
				D56DD9662C0DAEEF00161B66 /* TalkCell.swift in Sources */,
				D5A156F328947625006989FF /* TalkView.swift in Sources */,
				D5F06C5D2A5035A500774C39 /* VideoPlayerView.swift in Sources */,
			);
			runOnlyForDeploymentPostprocessing = 0;
		};
		D5EFB1982B407683008CFE82 /* Sources */ = {
			isa = PBXSourcesBuildPhase;
			buildActionMask = 2147483647;
			files = (
				D5EFB1A12B407683008CFE82 /* CCCTubeUIScreenshotTests.swift in Sources */,
			);
			runOnlyForDeploymentPostprocessing = 0;
		};
/* End PBXSourcesBuildPhase section */

/* Begin PBXTargetDependency section */
		D59139472895851300369402 /* PBXTargetDependency */ = {
			isa = PBXTargetDependency;
			platformFilters = (
				tvos,
			);
			target = D591393E2895851300369402 /* TopShelf */;
			targetProxy = D59139462895851300369402 /* PBXContainerItemProxy */;
		};
		D591395E28958B2600369402 /* PBXTargetDependency */ = {
			isa = PBXTargetDependency;
			target = D5A156D3289462B3006989FF /* CCCTube */;
			targetProxy = D591395D28958B2600369402 /* PBXContainerItemProxy */;
		};
		D5EFB1A32B407683008CFE82 /* PBXTargetDependency */ = {
			isa = PBXTargetDependency;
			target = D5A156D3289462B3006989FF /* CCCTube */;
			targetProxy = D5EFB1A22B407683008CFE82 /* PBXContainerItemProxy */;
		};
/* End PBXTargetDependency section */

/* Begin XCBuildConfiguration section */
		D591394A2895851300369402 /* Debug */ = {
			isa = XCBuildConfiguration;
			buildSettings = {
				CODE_SIGN_STYLE = Automatic;
				CURRENT_PROJECT_VERSION = 1;
				DEVELOPMENT_TEAM = 3W68UU92K3;
				GENERATE_INFOPLIST_FILE = YES;
				INFOPLIST_FILE = TopShelf/Info.plist;
				INFOPLIST_KEY_CFBundleDisplayName = TopShelf;
				INFOPLIST_KEY_NSHumanReadableCopyright = "";
				LD_RUNPATH_SEARCH_PATHS = (
					"$(inherited)",
					"@executable_path/Frameworks",
					"@executable_path/../../Frameworks",
				);
				PRODUCT_BUNDLE_IDENTIFIER = nl.bernson.CCCTube.TopShelf;
				PRODUCT_NAME = "$(TARGET_NAME)";
				SKIP_INSTALL = YES;
				SWIFT_EMIT_LOC_STRINGS = YES;
				SWIFT_VERSION = 5.0;
				TARGETED_DEVICE_FAMILY = 3;
			};
			name = Debug;
		};
		D591394B2895851300369402 /* Release */ = {
			isa = XCBuildConfiguration;
			buildSettings = {
				CODE_SIGN_STYLE = Automatic;
				CURRENT_PROJECT_VERSION = 1;
				DEVELOPMENT_TEAM = 3W68UU92K3;
				GENERATE_INFOPLIST_FILE = YES;
				INFOPLIST_FILE = TopShelf/Info.plist;
				INFOPLIST_KEY_CFBundleDisplayName = TopShelf;
				INFOPLIST_KEY_NSHumanReadableCopyright = "";
				LD_RUNPATH_SEARCH_PATHS = (
					"$(inherited)",
					"@executable_path/Frameworks",
					"@executable_path/../../Frameworks",
				);
				PRODUCT_BUNDLE_IDENTIFIER = nl.bernson.CCCTube.TopShelf;
				PRODUCT_NAME = "$(TARGET_NAME)";
				SKIP_INSTALL = YES;
				SWIFT_EMIT_LOC_STRINGS = YES;
				SWIFT_VERSION = 5.0;
				TARGETED_DEVICE_FAMILY = 3;
			};
			name = Release;
		};
		D591396028958B2600369402 /* Debug */ = {
			isa = XCBuildConfiguration;
			buildSettings = {
				BUNDLE_LOADER = "$(TEST_HOST)";
				CODE_SIGN_STYLE = Automatic;
				CURRENT_PROJECT_VERSION = 1;
				DEVELOPMENT_TEAM = 3W68UU92K3;
				GENERATE_INFOPLIST_FILE = YES;
				PRODUCT_BUNDLE_IDENTIFIER = nl.bernson.CCCTubeTests;
				PRODUCT_NAME = "$(TARGET_NAME)";
				SUPPORTED_PLATFORMS = "appletvos appletvsimulator iphoneos iphonesimulator";
				SUPPORTS_MACCATALYST = NO;
				SWIFT_EMIT_LOC_STRINGS = NO;
				SWIFT_VERSION = 5.0;
				TARGETED_DEVICE_FAMILY = "1,2,3";
				TEST_HOST = "$(BUILT_PRODUCTS_DIR)/CCCTube.app/CCCTube";
			};
			name = Debug;
		};
		D591396128958B2600369402 /* Release */ = {
			isa = XCBuildConfiguration;
			buildSettings = {
				BUNDLE_LOADER = "$(TEST_HOST)";
				CODE_SIGN_STYLE = Automatic;
				CURRENT_PROJECT_VERSION = 1;
				DEVELOPMENT_TEAM = 3W68UU92K3;
				GENERATE_INFOPLIST_FILE = YES;
				PRODUCT_BUNDLE_IDENTIFIER = nl.bernson.CCCTubeTests;
				PRODUCT_NAME = "$(TARGET_NAME)";
				SUPPORTED_PLATFORMS = "appletvos appletvsimulator iphoneos iphonesimulator";
				SUPPORTS_MACCATALYST = NO;
				SWIFT_EMIT_LOC_STRINGS = NO;
				SWIFT_VERSION = 5.0;
				TARGETED_DEVICE_FAMILY = "1,2,3";
				TEST_HOST = "$(BUILT_PRODUCTS_DIR)/CCCTube.app/CCCTube";
			};
			name = Release;
		};
		D5A156E0289462B3006989FF /* Debug */ = {
			isa = XCBuildConfiguration;
			buildSettings = {
				ALWAYS_SEARCH_USER_PATHS = NO;
				ASSETCATALOG_COMPILER_GENERATE_SWIFT_ASSET_SYMBOL_EXTENSIONS = YES;
				CLANG_ANALYZER_LOCALIZABILITY_NONLOCALIZED = YES;
				CLANG_ANALYZER_NONNULL = YES;
				CLANG_ANALYZER_NUMBER_OBJECT_CONVERSION = YES_AGGRESSIVE;
				CLANG_CXX_LANGUAGE_STANDARD = "gnu++17";
				CLANG_ENABLE_MODULES = YES;
				CLANG_ENABLE_OBJC_ARC = YES;
				CLANG_ENABLE_OBJC_WEAK = YES;
				CLANG_WARN_BLOCK_CAPTURE_AUTORELEASING = YES;
				CLANG_WARN_BOOL_CONVERSION = YES;
				CLANG_WARN_COMMA = YES;
				CLANG_WARN_CONSTANT_CONVERSION = YES;
				CLANG_WARN_DEPRECATED_OBJC_IMPLEMENTATIONS = YES;
				CLANG_WARN_DIRECT_OBJC_ISA_USAGE = YES_ERROR;
				CLANG_WARN_DOCUMENTATION_COMMENTS = YES;
				CLANG_WARN_EMPTY_BODY = YES;
				CLANG_WARN_ENUM_CONVERSION = YES;
				CLANG_WARN_INFINITE_RECURSION = YES;
				CLANG_WARN_INT_CONVERSION = YES;
				CLANG_WARN_NON_LITERAL_NULL_CONVERSION = YES;
				CLANG_WARN_OBJC_IMPLICIT_RETAIN_SELF = YES;
				CLANG_WARN_OBJC_LITERAL_CONVERSION = YES;
				CLANG_WARN_OBJC_ROOT_CLASS = YES_ERROR;
				CLANG_WARN_QUOTED_INCLUDE_IN_FRAMEWORK_HEADER = YES;
				CLANG_WARN_RANGE_LOOP_ANALYSIS = YES;
				CLANG_WARN_STRICT_PROTOTYPES = YES;
				CLANG_WARN_SUSPICIOUS_MOVE = YES;
				CLANG_WARN_UNGUARDED_AVAILABILITY = YES_AGGRESSIVE;
				CLANG_WARN_UNREACHABLE_CODE = YES;
				CLANG_WARN__DUPLICATE_METHOD_MATCH = YES;
				COPY_PHASE_STRIP = NO;
				DEBUG_INFORMATION_FORMAT = dwarf;
				ENABLE_STRICT_OBJC_MSGSEND = YES;
				ENABLE_TESTABILITY = YES;
				ENABLE_USER_SCRIPT_SANDBOXING = YES;
				GCC_C_LANGUAGE_STANDARD = gnu11;
				GCC_DYNAMIC_NO_PIC = NO;
				GCC_NO_COMMON_BLOCKS = YES;
				GCC_OPTIMIZATION_LEVEL = 0;
				GCC_PREPROCESSOR_DEFINITIONS = (
					"DEBUG=1",
					"$(inherited)",
				);
				GCC_WARN_64_TO_32_BIT_CONVERSION = YES;
				GCC_WARN_ABOUT_RETURN_TYPE = YES_ERROR;
				GCC_WARN_UNDECLARED_SELECTOR = YES;
				GCC_WARN_UNINITIALIZED_AUTOS = YES_AGGRESSIVE;
				GCC_WARN_UNUSED_FUNCTION = YES;
				GCC_WARN_UNUSED_VARIABLE = YES;
				INFOPLIST_KEY_UIRequiredDeviceCapabilities = arm64;
				IPHONEOS_DEPLOYMENT_TARGET = 16.4;
				LOCALIZATION_PREFERS_STRING_CATALOGS = YES;
				MARKETING_VERSION = 1.2;
				MTL_ENABLE_DEBUG_INFO = INCLUDE_SOURCE;
				MTL_FAST_MATH = YES;
				ONLY_ACTIVE_ARCH = YES;
				SDKROOT = appletvos;
				SWIFT_ACTIVE_COMPILATION_CONDITIONS = DEBUG;
				SWIFT_OPTIMIZATION_LEVEL = "-Onone";
				TVOS_DEPLOYMENT_TARGET = 16.4;
			};
			name = Debug;
		};
		D5A156E1289462B3006989FF /* Release */ = {
			isa = XCBuildConfiguration;
			buildSettings = {
				ALWAYS_SEARCH_USER_PATHS = NO;
				ASSETCATALOG_COMPILER_GENERATE_SWIFT_ASSET_SYMBOL_EXTENSIONS = YES;
				CLANG_ANALYZER_LOCALIZABILITY_NONLOCALIZED = YES;
				CLANG_ANALYZER_NONNULL = YES;
				CLANG_ANALYZER_NUMBER_OBJECT_CONVERSION = YES_AGGRESSIVE;
				CLANG_CXX_LANGUAGE_STANDARD = "gnu++17";
				CLANG_ENABLE_MODULES = YES;
				CLANG_ENABLE_OBJC_ARC = YES;
				CLANG_ENABLE_OBJC_WEAK = YES;
				CLANG_WARN_BLOCK_CAPTURE_AUTORELEASING = YES;
				CLANG_WARN_BOOL_CONVERSION = YES;
				CLANG_WARN_COMMA = YES;
				CLANG_WARN_CONSTANT_CONVERSION = YES;
				CLANG_WARN_DEPRECATED_OBJC_IMPLEMENTATIONS = YES;
				CLANG_WARN_DIRECT_OBJC_ISA_USAGE = YES_ERROR;
				CLANG_WARN_DOCUMENTATION_COMMENTS = YES;
				CLANG_WARN_EMPTY_BODY = YES;
				CLANG_WARN_ENUM_CONVERSION = YES;
				CLANG_WARN_INFINITE_RECURSION = YES;
				CLANG_WARN_INT_CONVERSION = YES;
				CLANG_WARN_NON_LITERAL_NULL_CONVERSION = YES;
				CLANG_WARN_OBJC_IMPLICIT_RETAIN_SELF = YES;
				CLANG_WARN_OBJC_LITERAL_CONVERSION = YES;
				CLANG_WARN_OBJC_ROOT_CLASS = YES_ERROR;
				CLANG_WARN_QUOTED_INCLUDE_IN_FRAMEWORK_HEADER = YES;
				CLANG_WARN_RANGE_LOOP_ANALYSIS = YES;
				CLANG_WARN_STRICT_PROTOTYPES = YES;
				CLANG_WARN_SUSPICIOUS_MOVE = YES;
				CLANG_WARN_UNGUARDED_AVAILABILITY = YES_AGGRESSIVE;
				CLANG_WARN_UNREACHABLE_CODE = YES;
				CLANG_WARN__DUPLICATE_METHOD_MATCH = YES;
				COPY_PHASE_STRIP = NO;
				DEBUG_INFORMATION_FORMAT = "dwarf-with-dsym";
				ENABLE_NS_ASSERTIONS = NO;
				ENABLE_STRICT_OBJC_MSGSEND = YES;
				ENABLE_USER_SCRIPT_SANDBOXING = YES;
				GCC_C_LANGUAGE_STANDARD = gnu11;
				GCC_NO_COMMON_BLOCKS = YES;
				GCC_WARN_64_TO_32_BIT_CONVERSION = YES;
				GCC_WARN_ABOUT_RETURN_TYPE = YES_ERROR;
				GCC_WARN_UNDECLARED_SELECTOR = YES;
				GCC_WARN_UNINITIALIZED_AUTOS = YES_AGGRESSIVE;
				GCC_WARN_UNUSED_FUNCTION = YES;
				GCC_WARN_UNUSED_VARIABLE = YES;
				INFOPLIST_KEY_UIRequiredDeviceCapabilities = arm64;
				IPHONEOS_DEPLOYMENT_TARGET = 16.4;
				LOCALIZATION_PREFERS_STRING_CATALOGS = YES;
				MARKETING_VERSION = 1.2;
				MTL_ENABLE_DEBUG_INFO = NO;
				MTL_FAST_MATH = YES;
				SDKROOT = appletvos;
				SWIFT_COMPILATION_MODE = wholemodule;
				SWIFT_OPTIMIZATION_LEVEL = "-O";
				TVOS_DEPLOYMENT_TARGET = 16.4;
				VALIDATE_PRODUCT = YES;
			};
			name = Release;
		};
		D5A156E3289462B3006989FF /* Debug */ = {
			isa = XCBuildConfiguration;
			buildSettings = {
				"ASSETCATALOG_COMPILER_APPICON_NAME[sdk=appletvos*]" = AppIcon_tvOS;
				"ASSETCATALOG_COMPILER_APPICON_NAME[sdk=iphoneos*]" = AppIcon_iOS;
				"ASSETCATALOG_COMPILER_APPICON_NAME[sdk=xros*]" = AppIcon_visionOS;
				ASSETCATALOG_COMPILER_GLOBAL_ACCENT_COLOR_NAME = AccentColor;
				CODE_SIGN_STYLE = Automatic;
				CURRENT_PROJECT_VERSION = 1;
				DEAD_CODE_STRIPPING = YES;
				DEVELOPMENT_ASSET_PATHS = "\"CCCTube/Preview Content\"";
				DEVELOPMENT_TEAM = 3W68UU92K3;
				ENABLE_PREVIEWS = YES;
				GENERATE_INFOPLIST_FILE = YES;
				INFOPLIST_FILE = CCCTube/Info.plist;
				INFOPLIST_KEY_CFBundleDisplayName = "CCC Tube";
				INFOPLIST_KEY_LSApplicationCategoryType = "public.app-category.video";
				INFOPLIST_KEY_UIApplicationSceneManifest_Generation = YES;
				INFOPLIST_KEY_UILaunchScreen_Generation = YES;
				INFOPLIST_KEY_UIRequiredDeviceCapabilities = arm64;
				INFOPLIST_KEY_UISupportedInterfaceOrientations = "UIInterfaceOrientationLandscapeLeft UIInterfaceOrientationLandscapeRight UIInterfaceOrientationPortrait UIInterfaceOrientationPortraitUpsideDown";
				INFOPLIST_KEY_UIUserInterfaceStyle = Automatic;
				LD_RUNPATH_SEARCH_PATHS = (
					"$(inherited)",
					"@executable_path/Frameworks",
				);
				MARKETING_VERSION = 1.3;
				MERGED_BINARY_TYPE = automatic;
				PRODUCT_BUNDLE_IDENTIFIER = nl.bernson.CCCTube;
				PRODUCT_NAME = "$(TARGET_NAME)";
				SDKROOT = auto;
				SUPPORTED_PLATFORMS = "appletvos appletvsimulator iphoneos iphonesimulator xros xrsimulator";
				SUPPORTS_MACCATALYST = YES;
				SUPPORTS_MAC_DESIGNED_FOR_IPHONE_IPAD = NO;
				SWIFT_EMIT_LOC_STRINGS = YES;
				SWIFT_VERSION = 5.0;
				TARGETED_DEVICE_FAMILY = "1,2,3,7";
				XROS_DEPLOYMENT_TARGET = 1.2;
			};
			name = Debug;
		};
		D5A156E4289462B3006989FF /* Release */ = {
			isa = XCBuildConfiguration;
			buildSettings = {
				"ASSETCATALOG_COMPILER_APPICON_NAME[sdk=appletvos*]" = AppIcon_tvOS;
				"ASSETCATALOG_COMPILER_APPICON_NAME[sdk=iphoneos*]" = AppIcon_iOS;
				"ASSETCATALOG_COMPILER_APPICON_NAME[sdk=xros*]" = AppIcon_visionOS;
				ASSETCATALOG_COMPILER_GLOBAL_ACCENT_COLOR_NAME = AccentColor;
				CODE_SIGN_STYLE = Automatic;
				CURRENT_PROJECT_VERSION = 1;
				DEAD_CODE_STRIPPING = YES;
				DEVELOPMENT_ASSET_PATHS = "\"CCCTube/Preview Content\"";
				DEVELOPMENT_TEAM = 3W68UU92K3;
				ENABLE_PREVIEWS = YES;
				GENERATE_INFOPLIST_FILE = YES;
				INFOPLIST_FILE = CCCTube/Info.plist;
				INFOPLIST_KEY_CFBundleDisplayName = "CCC Tube";
				INFOPLIST_KEY_LSApplicationCategoryType = "public.app-category.video";
				INFOPLIST_KEY_UIApplicationSceneManifest_Generation = YES;
				INFOPLIST_KEY_UILaunchScreen_Generation = YES;
				INFOPLIST_KEY_UIRequiredDeviceCapabilities = arm64;
				INFOPLIST_KEY_UISupportedInterfaceOrientations = "UIInterfaceOrientationLandscapeLeft UIInterfaceOrientationLandscapeRight UIInterfaceOrientationPortrait UIInterfaceOrientationPortraitUpsideDown";
				INFOPLIST_KEY_UIUserInterfaceStyle = Automatic;
				LD_RUNPATH_SEARCH_PATHS = (
					"$(inherited)",
					"@executable_path/Frameworks",
				);
				MARKETING_VERSION = 1.3;
				MERGED_BINARY_TYPE = automatic;
				PRODUCT_BUNDLE_IDENTIFIER = nl.bernson.CCCTube;
				PRODUCT_NAME = "$(TARGET_NAME)";
				SDKROOT = auto;
				SUPPORTED_PLATFORMS = "appletvos appletvsimulator iphoneos iphonesimulator xros xrsimulator";
				SUPPORTS_MACCATALYST = YES;
				SUPPORTS_MAC_DESIGNED_FOR_IPHONE_IPAD = NO;
				SWIFT_EMIT_LOC_STRINGS = YES;
				SWIFT_VERSION = 5.0;
				TARGETED_DEVICE_FAMILY = "1,2,3,7";
				XROS_DEPLOYMENT_TARGET = 1.2;
			};
			name = Release;
		};
		D5EFB1A42B407683008CFE82 /* Debug */ = {
			isa = XCBuildConfiguration;
			buildSettings = {
				CLANG_CXX_LANGUAGE_STANDARD = "gnu++20";
				CODE_SIGN_STYLE = Automatic;
				CURRENT_PROJECT_VERSION = 1;
				DEAD_CODE_STRIPPING = YES;
				DEVELOPMENT_TEAM = 3W68UU92K3;
				GCC_C_LANGUAGE_STANDARD = gnu17;
				GENERATE_INFOPLIST_FILE = YES;
				MARKETING_VERSION = 1.0;
				PRODUCT_BUNDLE_IDENTIFIER = nl.bernson.CCCTubeUITests;
				PRODUCT_NAME = "$(TARGET_NAME)";
				SDKROOT = auto;
				SUPPORTED_PLATFORMS = "appletvos appletvsimulator iphoneos iphonesimulator";
				SUPPORTS_MACCATALYST = NO;
				SWIFT_ACTIVE_COMPILATION_CONDITIONS = "DEBUG $(inherited)";
				SWIFT_EMIT_LOC_STRINGS = NO;
				SWIFT_VERSION = 5.0;
				TARGETED_DEVICE_FAMILY = "1,2,3";
				TEST_TARGET_NAME = CCCTube;
			};
			name = Debug;
		};
		D5EFB1A52B407683008CFE82 /* Release */ = {
			isa = XCBuildConfiguration;
			buildSettings = {
				CLANG_CXX_LANGUAGE_STANDARD = "gnu++20";
				CODE_SIGN_STYLE = Automatic;
				CURRENT_PROJECT_VERSION = 1;
				DEAD_CODE_STRIPPING = YES;
				DEVELOPMENT_TEAM = 3W68UU92K3;
				GCC_C_LANGUAGE_STANDARD = gnu17;
				GENERATE_INFOPLIST_FILE = YES;
				MARKETING_VERSION = 1.0;
				PRODUCT_BUNDLE_IDENTIFIER = nl.bernson.CCCTubeUITests;
				PRODUCT_NAME = "$(TARGET_NAME)";
				SDKROOT = auto;
				SUPPORTED_PLATFORMS = "appletvos appletvsimulator iphoneos iphonesimulator";
				SUPPORTS_MACCATALYST = NO;
				SWIFT_EMIT_LOC_STRINGS = NO;
				SWIFT_VERSION = 5.0;
				TARGETED_DEVICE_FAMILY = "1,2,3";
				TEST_TARGET_NAME = CCCTube;
			};
			name = Release;
		};
/* End XCBuildConfiguration section */

/* Begin XCConfigurationList section */
		D591394C2895851300369402 /* Build configuration list for PBXNativeTarget "TopShelf" */ = {
			isa = XCConfigurationList;
			buildConfigurations = (
				D591394A2895851300369402 /* Debug */,
				D591394B2895851300369402 /* Release */,
			);
			defaultConfigurationIsVisible = 0;
			defaultConfigurationName = Release;
		};
		D591395F28958B2600369402 /* Build configuration list for PBXNativeTarget "CCCTubeTests" */ = {
			isa = XCConfigurationList;
			buildConfigurations = (
				D591396028958B2600369402 /* Debug */,
				D591396128958B2600369402 /* Release */,
			);
			defaultConfigurationIsVisible = 0;
			defaultConfigurationName = Release;
		};
		D5A156CF289462B3006989FF /* Build configuration list for PBXProject "CCCTube" */ = {
			isa = XCConfigurationList;
			buildConfigurations = (
				D5A156E0289462B3006989FF /* Debug */,
				D5A156E1289462B3006989FF /* Release */,
			);
			defaultConfigurationIsVisible = 0;
			defaultConfigurationName = Release;
		};
		D5A156E2289462B3006989FF /* Build configuration list for PBXNativeTarget "CCCTube" */ = {
			isa = XCConfigurationList;
			buildConfigurations = (
				D5A156E3289462B3006989FF /* Debug */,
				D5A156E4289462B3006989FF /* Release */,
			);
			defaultConfigurationIsVisible = 0;
			defaultConfigurationName = Release;
		};
		D5EFB1A62B407683008CFE82 /* Build configuration list for PBXNativeTarget "CCCTubeUITests" */ = {
			isa = XCConfigurationList;
			buildConfigurations = (
				D5EFB1A42B407683008CFE82 /* Debug */,
				D5EFB1A52B407683008CFE82 /* Release */,
			);
			defaultConfigurationIsVisible = 0;
			defaultConfigurationName = Release;
		};
/* End XCConfigurationList section */

/* Begin XCSwiftPackageProductDependency section */
		D50C6F7528956DFC0003D1D0 /* CCCApi */ = {
			isa = XCSwiftPackageProductDependency;
			productName = CCCApi;
		};
		D591394D2895854100369402 /* CCCApi */ = {
			isa = XCSwiftPackageProductDependency;
			productName = CCCApi;
		};
/* End XCSwiftPackageProductDependency section */
	};
	rootObject = D5A156CC289462B3006989FF /* Project object */;
}
